
Microsoft Visual Studio Solution File, Format Version 12.00
# Visual Studio 2015
Project("{FAE04EC0-301F-11D3-BF4B-00C04F79EFBC}") = "TeleVive-Unity", "TeleVive-Unity.csproj", "{23F09AE1-83FE-626F-4B57-640B0E8E88CA}"
EndProject
Project("{FAE04EC0-301F-11D3-BF4B-00C04F79EFBC}") = "TeleVive-Unity.Editor", "TeleVive-Unity.Editor.csproj", "{9324F706-5221-F802-8387-CA7B51A83B2B}"
EndProject
Global
	GlobalSection(SolutionConfigurationPlatforms) = preSolution
		Debug|Any CPU = Debug|Any CPU
		Release|Any CPU = Release|Any CPU
	EndGlobalSection
	GlobalSection(ProjectConfigurationPlatforms) = postSolution
		{23F09AE1-83FE-626F-4B57-640B0E8E88CA}.Debug|Any CPU.ActiveCfg = Debug|Any CPU
		{23F09AE1-83FE-626F-4B57-640B0E8E88CA}.Debug|Any CPU.Build.0 = Debug|Any CPU
		{23F09AE1-83FE-626F-4B57-640B0E8E88CA}.Release|Any CPU.ActiveCfg = Release|Any CPU
		{23F09AE1-83FE-626F-4B57-640B0E8E88CA}.Release|Any CPU.Build.0 = Release|Any CPU
		{9324F706-5221-F802-8387-CA7B51A83B2B}.Debug|Any CPU.ActiveCfg = Debug|Any CPU
		{9324F706-5221-F802-8387-CA7B51A83B2B}.Debug|Any CPU.Build.0 = Debug|Any CPU
		{9324F706-5221-F802-8387-CA7B51A83B2B}.Release|Any CPU.ActiveCfg = Release|Any CPU
		{9324F706-5221-F802-8387-CA7B51A83B2B}.Release|Any CPU.Build.0 = Release|Any CPU
	EndGlobalSection
	GlobalSection(SolutionProperties) = preSolution
		HideSolutionNode = FALSE
	EndGlobalSection
EndGlobal
